// !$*UTF8*$!
{
	archiveVersion = 1;
	classes = {
	};
	objectVersion = 46;
	objects = {

/* Begin PBXBuildFile section */
		1CA9678D1B05D338000659E0 /* AppDelegate.swift in Sources */ = {isa = PBXBuildFile; fileRef = 1CA9678C1B05D338000659E0 /* AppDelegate.swift */; };
		1CA9678F1B05D338000659E0 /* ViewController.swift in Sources */ = {isa = PBXBuildFile; fileRef = 1CA9678E1B05D338000659E0 /* ViewController.swift */; };
		1CA967921B05D338000659E0 /* Main.storyboard in Resources */ = {isa = PBXBuildFile; fileRef = 1CA967901B05D338000659E0 /* Main.storyboard */; };
		1CA967941B05D338000659E0 /* Images.xcassets in Resources */ = {isa = PBXBuildFile; fileRef = 1CA967931B05D338000659E0 /* Images.xcassets */; };
		1CA967971B05D338000659E0 /* LaunchScreen.xib in Resources */ = {isa = PBXBuildFile; fileRef = 1CA967951B05D338000659E0 /* LaunchScreen.xib */; };
		1CA967A31B05D338000659E0 /* parse_playgroundTests.swift in Sources */ = {isa = PBXBuildFile; fileRef = 1CA967A21B05D338000659E0 /* parse_playgroundTests.swift */; };
		1CA967B01B05DEE3000659E0 /* Extensions.swift in Sources */ = {isa = PBXBuildFile; fileRef = 1CA967AF1B05DEE3000659E0 /* Extensions.swift */; };
		1CA967B31B05E019000659E0 /* Bolts.framework in Frameworks */ = {isa = PBXBuildFile; fileRef = 1CA967B11B05E019000659E0 /* Bolts.framework */; };
		1CA967B41B05E019000659E0 /* Parse.framework in Frameworks */ = {isa = PBXBuildFile; fileRef = 1CA967B21B05E019000659E0 /* Parse.framework */; };
		1CA967BF1B05E0F6000659E0 /* AudioToolbox.framework in Frameworks */ = {isa = PBXBuildFile; fileRef = 1CA967B51B05E0F6000659E0 /* AudioToolbox.framework */; };
		1CA967C01B05E0F6000659E0 /* CFNetwork.framework in Frameworks */ = {isa = PBXBuildFile; fileRef = 1CA967B61B05E0F6000659E0 /* CFNetwork.framework */; };
		1CA967C11B05E0F6000659E0 /* CoreGraphics.framework in Frameworks */ = {isa = PBXBuildFile; fileRef = 1CA967B71B05E0F6000659E0 /* CoreGraphics.framework */; };
		1CA967C21B05E0F6000659E0 /* CoreLocation.framework in Frameworks */ = {isa = PBXBuildFile; fileRef = 1CA967B81B05E0F6000659E0 /* CoreLocation.framework */; };
		1CA967C31B05E0F6000659E0 /* libz.dylib in Frameworks */ = {isa = PBXBuildFile; fileRef = 1CA967B91B05E0F6000659E0 /* libz.dylib */; };
		1CA967C41B05E0F6000659E0 /* MobileCoreServices.framework in Frameworks */ = {isa = PBXBuildFile; fileRef = 1CA967BA1B05E0F6000659E0 /* MobileCoreServices.framework */; };
		1CA967C51B05E0F6000659E0 /* QuartzCore.framework in Frameworks */ = {isa = PBXBuildFile; fileRef = 1CA967BB1B05E0F6000659E0 /* QuartzCore.framework */; };
		1CA967C61B05E0F6000659E0 /* Security.framework in Frameworks */ = {isa = PBXBuildFile; fileRef = 1CA967BC1B05E0F6000659E0 /* Security.framework */; };
		1CA967C71B05E0F6000659E0 /* StoreKit.framework in Frameworks */ = {isa = PBXBuildFile; fileRef = 1CA967BD1B05E0F6000659E0 /* StoreKit.framework */; };
		1CA967C81B05E0F6000659E0 /* SystemConfiguration.framework in Frameworks */ = {isa = PBXBuildFile; fileRef = 1CA967BE1B05E0F6000659E0 /* SystemConfiguration.framework */; };
		1CA967CA1B05E0FF000659E0 /* libsqlite3.dylib in Frameworks */ = {isa = PBXBuildFile; fileRef = 1CA967C91B05E0FF000659E0 /* libsqlite3.dylib */; };
/* End PBXBuildFile section */

/* Begin PBXContainerItemProxy section */
		1CA9679D1B05D338000659E0 /* PBXContainerItemProxy */ = {
			isa = PBXContainerItemProxy;
			containerPortal = 1CA9677F1B05D338000659E0 /* Project object */;
			proxyType = 1;
			remoteGlobalIDString = 1CA967861B05D338000659E0;
			remoteInfo = parse_playground;
		};
/* End PBXContainerItemProxy section */

/* Begin PBXFileReference section */
		1CA967871B05D338000659E0 /* parse_playground.app */ = {isa = PBXFileReference; explicitFileType = wrapper.application; includeInIndex = 0; path = parse_playground.app; sourceTree = BUILT_PRODUCTS_DIR; };
		1CA9678B1B05D338000659E0 /* Info.plist */ = {isa = PBXFileReference; lastKnownFileType = text.plist.xml; path = Info.plist; sourceTree = "<group>"; };
		1CA9678C1B05D338000659E0 /* AppDelegate.swift */ = {isa = PBXFileReference; lastKnownFileType = sourcecode.swift; path = AppDelegate.swift; sourceTree = "<group>"; };
		1CA9678E1B05D338000659E0 /* ViewController.swift */ = {isa = PBXFileReference; lastKnownFileType = sourcecode.swift; path = ViewController.swift; sourceTree = "<group>"; };
		1CA967911B05D338000659E0 /* Base */ = {isa = PBXFileReference; lastKnownFileType = file.storyboard; name = Base; path = Base.lproj/Main.storyboard; sourceTree = "<group>"; };
		1CA967931B05D338000659E0 /* Images.xcassets */ = {isa = PBXFileReference; lastKnownFileType = folder.assetcatalog; path = Images.xcassets; sourceTree = "<group>"; };
		1CA967961B05D338000659E0 /* Base */ = {isa = PBXFileReference; lastKnownFileType = file.xib; name = Base; path = Base.lproj/LaunchScreen.xib; sourceTree = "<group>"; };
		1CA9679C1B05D338000659E0 /* parse_playgroundTests.xctest */ = {isa = PBXFileReference; explicitFileType = wrapper.cfbundle; includeInIndex = 0; path = parse_playgroundTests.xctest; sourceTree = BUILT_PRODUCTS_DIR; };
		1CA967A11B05D338000659E0 /* Info.plist */ = {isa = PBXFileReference; lastKnownFileType = text.plist.xml; path = Info.plist; sourceTree = "<group>"; };
		1CA967A21B05D338000659E0 /* parse_playgroundTests.swift */ = {isa = PBXFileReference; lastKnownFileType = sourcecode.swift; path = parse_playgroundTests.swift; sourceTree = "<group>"; };
		1CA967AF1B05DEE3000659E0 /* Extensions.swift */ = {isa = PBXFileReference; fileEncoding = 4; lastKnownFileType = sourcecode.swift; path = Extensions.swift; sourceTree = "<group>"; };
		1CA967B11B05E019000659E0 /* Bolts.framework */ = {isa = PBXFileReference; lastKnownFileType = wrapper.framework; path = Bolts.framework; sourceTree = "<group>"; };
		1CA967B21B05E019000659E0 /* Parse.framework */ = {isa = PBXFileReference; lastKnownFileType = wrapper.framework; path = Parse.framework; sourceTree = "<group>"; };
		1CA967B51B05E0F6000659E0 /* AudioToolbox.framework */ = {isa = PBXFileReference; lastKnownFileType = wrapper.framework; name = AudioToolbox.framework; path = System/Library/Frameworks/AudioToolbox.framework; sourceTree = SDKROOT; };
		1CA967B61B05E0F6000659E0 /* CFNetwork.framework */ = {isa = PBXFileReference; lastKnownFileType = wrapper.framework; name = CFNetwork.framework; path = System/Library/Frameworks/CFNetwork.framework; sourceTree = SDKROOT; };
		1CA967B71B05E0F6000659E0 /* CoreGraphics.framework */ = {isa = PBXFileReference; lastKnownFileType = wrapper.framework; name = CoreGraphics.framework; path = System/Library/Frameworks/CoreGraphics.framework; sourceTree = SDKROOT; };
		1CA967B81B05E0F6000659E0 /* CoreLocation.framework */ = {isa = PBXFileReference; lastKnownFileType = wrapper.framework; name = CoreLocation.framework; path = System/Library/Frameworks/CoreLocation.framework; sourceTree = SDKROOT; };
		1CA967B91B05E0F6000659E0 /* libz.dylib */ = {isa = PBXFileReference; lastKnownFileType = "compiled.mach-o.dylib"; name = libz.dylib; path = usr/lib/libz.dylib; sourceTree = SDKROOT; };
		1CA967BA1B05E0F6000659E0 /* MobileCoreServices.framework */ = {isa = PBXFileReference; lastKnownFileType = wrapper.framework; name = MobileCoreServices.framework; path = System/Library/Frameworks/MobileCoreServices.framework; sourceTree = SDKROOT; };
		1CA967BB1B05E0F6000659E0 /* QuartzCore.framework */ = {isa = PBXFileReference; lastKnownFileType = wrapper.framework; name = QuartzCore.framework; path = System/Library/Frameworks/QuartzCore.framework; sourceTree = SDKROOT; };
		1CA967BC1B05E0F6000659E0 /* Security.framework */ = {isa = PBXFileReference; lastKnownFileType = wrapper.framework; name = Security.framework; path = System/Library/Frameworks/Security.framework; sourceTree = SDKROOT; };
		1CA967BD1B05E0F6000659E0 /* StoreKit.framework */ = {isa = PBXFileReference; lastKnownFileType = wrapper.framework; name = StoreKit.framework; path = System/Library/Frameworks/StoreKit.framework; sourceTree = SDKROOT; };
		1CA967BE1B05E0F6000659E0 /* SystemConfiguration.framework */ = {isa = PBXFileReference; lastKnownFileType = wrapper.framework; name = SystemConfiguration.framework; path = System/Library/Frameworks/SystemConfiguration.framework; sourceTree = SDKROOT; };
		1CA967C91B05E0FF000659E0 /* libsqlite3.dylib */ = {isa = PBXFileReference; lastKnownFileType = "compiled.mach-o.dylib"; name = libsqlite3.dylib; path = usr/lib/libsqlite3.dylib; sourceTree = SDKROOT; };
/* End PBXFileReference section */

/* Begin PBXFrameworksBuildPhase section */
		1CA967841B05D338000659E0 /* Frameworks */ = {
			isa = PBXFrameworksBuildPhase;
			buildActionMask = 2147483647;
			files = (
				1CA967CA1B05E0FF000659E0 /* libsqlite3.dylib in Frameworks */,
				1CA967BF1B05E0F6000659E0 /* AudioToolbox.framework in Frameworks */,
				1CA967C01B05E0F6000659E0 /* CFNetwork.framework in Frameworks */,
				1CA967C11B05E0F6000659E0 /* CoreGraphics.framework in Frameworks */,
				1CA967C21B05E0F6000659E0 /* CoreLocation.framework in Frameworks */,
				1CA967C31B05E0F6000659E0 /* libz.dylib in Frameworks */,
				1CA967C41B05E0F6000659E0 /* MobileCoreServices.framework in Frameworks */,
				1CA967C51B05E0F6000659E0 /* QuartzCore.framework in Frameworks */,
				1CA967C61B05E0F6000659E0 /* Security.framework in Frameworks */,
				1CA967C71B05E0F6000659E0 /* StoreKit.framework in Frameworks */,
				1CA967C81B05E0F6000659E0 /* SystemConfiguration.framework in Frameworks */,
				1CA967B41B05E019000659E0 /* Parse.framework in Frameworks */,
				1CA967B31B05E019000659E0 /* Bolts.framework in Frameworks */,
			);
			runOnlyForDeploymentPostprocessing = 0;
		};
		1CA967991B05D338000659E0 /* Frameworks */ = {
			isa = PBXFrameworksBuildPhase;
			buildActionMask = 2147483647;
			files = (
			);
			runOnlyForDeploymentPostprocessing = 0;
		};
/* End PBXFrameworksBuildPhase section */

/* Begin PBXGroup section */
		1CA9677E1B05D338000659E0 = {
			isa = PBXGroup;
			children = (
				1CA967C91B05E0FF000659E0 /* libsqlite3.dylib */,
				1CA967B51B05E0F6000659E0 /* AudioToolbox.framework */,
				1CA967B61B05E0F6000659E0 /* CFNetwork.framework */,
				1CA967B71B05E0F6000659E0 /* CoreGraphics.framework */,
				1CA967B81B05E0F6000659E0 /* CoreLocation.framework */,
				1CA967B91B05E0F6000659E0 /* libz.dylib */,
				1CA967BA1B05E0F6000659E0 /* MobileCoreServices.framework */,
				1CA967BB1B05E0F6000659E0 /* QuartzCore.framework */,
				1CA967BC1B05E0F6000659E0 /* Security.framework */,
				1CA967BD1B05E0F6000659E0 /* StoreKit.framework */,
				1CA967BE1B05E0F6000659E0 /* SystemConfiguration.framework */,
				1CA967B11B05E019000659E0 /* Bolts.framework */,
				1CA967B21B05E019000659E0 /* Parse.framework */,
				1CA967891B05D338000659E0 /* parse_playground */,
				1CA9679F1B05D338000659E0 /* parse_playgroundTests */,
				1CA967881B05D338000659E0 /* Products */,
			);
			sourceTree = "<group>";
		};
		1CA967881B05D338000659E0 /* Products */ = {
			isa = PBXGroup;
			children = (
				1CA967871B05D338000659E0 /* parse_playground.app */,
				1CA9679C1B05D338000659E0 /* parse_playgroundTests.xctest */,
			);
			name = Products;
			sourceTree = "<group>";
		};
		1CA967891B05D338000659E0 /* parse_playground */ = {
			isa = PBXGroup;
			children = (
				1CA9678C1B05D338000659E0 /* AppDelegate.swift */,
				1CA9678E1B05D338000659E0 /* ViewController.swift */,
				1CA967AF1B05DEE3000659E0 /* Extensions.swift */,
				1CA967901B05D338000659E0 /* Main.storyboard */,
				1CA967931B05D338000659E0 /* Images.xcassets */,
				1CA967951B05D338000659E0 /* LaunchScreen.xib */,
				1CA9678A1B05D338000659E0 /* Supporting Files */,
			);
			path = parse_playground;
			sourceTree = "<group>";
		};
		1CA9678A1B05D338000659E0 /* Supporting Files */ = {
			isa = PBXGroup;
			children = (
				1CA9678B1B05D338000659E0 /* Info.plist */,
			);
			name = "Supporting Files";
			sourceTree = "<group>";
		};
		1CA9679F1B05D338000659E0 /* parse_playgroundTests */ = {
			isa = PBXGroup;
			children = (
				1CA967A21B05D338000659E0 /* parse_playgroundTests.swift */,
				1CA967A01B05D338000659E0 /* Supporting Files */,
			);
			path = parse_playgroundTests;
			sourceTree = "<group>";
		};
		1CA967A01B05D338000659E0 /* Supporting Files */ = {
			isa = PBXGroup;
			children = (
				1CA967A11B05D338000659E0 /* Info.plist */,
			);
			name = "Supporting Files";
			sourceTree = "<group>";
		};
/* End PBXGroup section */

/* Begin PBXNativeTarget section */
		1CA967861B05D338000659E0 /* parse_playground */ = {
			isa = PBXNativeTarget;
			buildConfigurationList = 1CA967A61B05D338000659E0 /* Build configuration list for PBXNativeTarget "parse_playground" */;
			buildPhases = (
				1CA967831B05D338000659E0 /* Sources */,
				1CA967841B05D338000659E0 /* Frameworks */,
				1CA967851B05D338000659E0 /* Resources */,
			);
			buildRules = (
			);
			dependencies = (
			);
			name = parse_playground;
			productName = parse_playground;
			productReference = 1CA967871B05D338000659E0 /* parse_playground.app */;
			productType = "com.apple.product-type.application";
		};
		1CA9679B1B05D338000659E0 /* parse_playgroundTests */ = {
			isa = PBXNativeTarget;
			buildConfigurationList = 1CA967A91B05D338000659E0 /* Build configuration list for PBXNativeTarget "parse_playgroundTests" */;
			buildPhases = (
				1CA967981B05D338000659E0 /* Sources */,
				1CA967991B05D338000659E0 /* Frameworks */,
				1CA9679A1B05D338000659E0 /* Resources */,
			);
			buildRules = (
			);
			dependencies = (
				1CA9679E1B05D338000659E0 /* PBXTargetDependency */,
			);
			name = parse_playgroundTests;
			productName = parse_playgroundTests;
			productReference = 1CA9679C1B05D338000659E0 /* parse_playgroundTests.xctest */;
			productType = "com.apple.product-type.bundle.unit-test";
		};
/* End PBXNativeTarget section */

/* Begin PBXProject section */
		1CA9677F1B05D338000659E0 /* Project object */ = {
			isa = PBXProject;
			attributes = {
				LastUpgradeCheck = 0630;
				ORGANIZATIONNAME = alcedo;
				TargetAttributes = {
					1CA967861B05D338000659E0 = {
						CreatedOnToolsVersion = 6.3.1;
					};
					1CA9679B1B05D338000659E0 = {
						CreatedOnToolsVersion = 6.3.1;
						TestTargetID = 1CA967861B05D338000659E0;
					};
				};
			};
			buildConfigurationList = 1CA967821B05D338000659E0 /* Build configuration list for PBXProject "parse_playground" */;
			compatibilityVersion = "Xcode 3.2";
			developmentRegion = English;
			hasScannedForEncodings = 0;
			knownRegions = (
				en,
				Base,
			);
			mainGroup = 1CA9677E1B05D338000659E0;
			productRefGroup = 1CA967881B05D338000659E0 /* Products */;
			projectDirPath = "";
			projectRoot = "";
			targets = (
				1CA967861B05D338000659E0 /* parse_playground */,
				1CA9679B1B05D338000659E0 /* parse_playgroundTests */,
			);
		};
/* End PBXProject section */

/* Begin PBXResourcesBuildPhase section */
		1CA967851B05D338000659E0 /* Resources */ = {
			isa = PBXResourcesBuildPhase;
			buildActionMask = 2147483647;
			files = (
				1CA967921B05D338000659E0 /* Main.storyboard in Resources */,
				1CA967971B05D338000659E0 /* LaunchScreen.xib in Resources */,
				1CA967941B05D338000659E0 /* Images.xcassets in Resources */,
			);
			runOnlyForDeploymentPostprocessing = 0;
		};
		1CA9679A1B05D338000659E0 /* Resources */ = {
			isa = PBXResourcesBuildPhase;
			buildActionMask = 2147483647;
			files = (
			);
			runOnlyForDeploymentPostprocessing = 0;
		};
/* End PBXResourcesBuildPhase section */

/* Begin PBXSourcesBuildPhase section */
		1CA967831B05D338000659E0 /* Sources */ = {
			isa = PBXSourcesBuildPhase;
			buildActionMask = 2147483647;
			files = (
				1CA9678F1B05D338000659E0 /* ViewController.swift in Sources */,
				1CA9678D1B05D338000659E0 /* AppDelegate.swift in Sources */,
				1CA967B01B05DEE3000659E0 /* Extensions.swift in Sources */,
			);
			runOnlyForDeploymentPostprocessing = 0;
		};
		1CA967981B05D338000659E0 /* Sources */ = {
			isa = PBXSourcesBuildPhase;
			buildActionMask = 2147483647;
			files = (
				1CA967A31B05D338000659E0 /* parse_playgroundTests.swift in Sources */,
			);
			runOnlyForDeploymentPostprocessing = 0;
		};
/* End PBXSourcesBuildPhase section */

/* Begin PBXTargetDependency section */
		1CA9679E1B05D338000659E0 /* PBXTargetDependency */ = {
			isa = PBXTargetDependency;
			target = 1CA967861B05D338000659E0 /* parse_playground */;
			targetProxy = 1CA9679D1B05D338000659E0 /* PBXContainerItemProxy */;
		};
/* End PBXTargetDependency section */

/* Begin PBXVariantGroup section */
		1CA967901B05D338000659E0 /* Main.storyboard */ = {
			isa = PBXVariantGroup;
			children = (
				1CA967911B05D338000659E0 /* Base */,
			);
			name = Main.storyboard;
			sourceTree = "<group>";
		};
		1CA967951B05D338000659E0 /* LaunchScreen.xib */ = {
			isa = PBXVariantGroup;
			children = (
				1CA967961B05D338000659E0 /* Base */,
			);
			name = LaunchScreen.xib;
			sourceTree = "<group>";
		};
/* End PBXVariantGroup section */

/* Begin XCBuildConfiguration section */
		1CA967A41B05D338000659E0 /* Debug */ = {
			isa = XCBuildConfiguration;
			buildSettings = {
				ALWAYS_SEARCH_USER_PATHS = NO;
				CLANG_CXX_LANGUAGE_STANDARD = "gnu++0x";
				CLANG_CXX_LIBRARY = "libc++";
				CLANG_ENABLE_MODULES = YES;
				CLANG_ENABLE_OBJC_ARC = YES;
				CLANG_WARN_BOOL_CONVERSION = YES;
				CLANG_WARN_CONSTANT_CONVERSION = YES;
				CLANG_WARN_DIRECT_OBJC_ISA_USAGE = YES_ERROR;
				CLANG_WARN_EMPTY_BODY = YES;
				CLANG_WARN_ENUM_CONVERSION = YES;
				CLANG_WARN_INT_CONVERSION = YES;
				CLANG_WARN_OBJC_ROOT_CLASS = YES_ERROR;
				CLANG_WARN_UNREACHABLE_CODE = YES;
				CLANG_WARN__DUPLICATE_METHOD_MATCH = YES;
				"CODE_SIGN_IDENTITY[sdk=iphoneos*]" = "iPhone Developer";
				COPY_PHASE_STRIP = NO;
				DEBUG_INFORMATION_FORMAT = "dwarf-with-dsym";
				ENABLE_STRICT_OBJC_MSGSEND = YES;
				GCC_C_LANGUAGE_STANDARD = gnu99;
				GCC_DYNAMIC_NO_PIC = NO;
				GCC_NO_COMMON_BLOCKS = YES;
				GCC_OPTIMIZATION_LEVEL = 0;
				GCC_PREPROCESSOR_DEFINITIONS = (
					"DEBUG=1",
					"$(inherited)",
				);
				GCC_SYMBOLS_PRIVATE_EXTERN = NO;
				GCC_WARN_64_TO_32_BIT_CONVERSION = YES;
				GCC_WARN_ABOUT_RETURN_TYPE = YES_ERROR;
				GCC_WARN_UNDECLARED_SELECTOR = YES;
				GCC_WARN_UNINITIALIZED_AUTOS = YES_AGGRESSIVE;
				GCC_WARN_UNUSED_FUNCTION = YES;
				GCC_WARN_UNUSED_VARIABLE = YES;
				IPHONEOS_DEPLOYMENT_TARGET = 8.3;
				MTL_ENABLE_DEBUG_INFO = YES;
				ONLY_ACTIVE_ARCH = YES;
				SDKROOT = iphoneos;
				SWIFT_OPTIMIZATION_LEVEL = "-Onone";
			};
			name = Debug;
		};
		1CA967A51B05D338000659E0 /* Release */ = {
			isa = XCBuildConfiguration;
			buildSettings = {
				ALWAYS_SEARCH_USER_PATHS = NO;
				CLANG_CXX_LANGUAGE_STANDARD = "gnu++0x";
				CLANG_CXX_LIBRARY = "libc++";
				CLANG_ENABLE_MODULES = YES;
				CLANG_ENABLE_OBJC_ARC = YES;
				CLANG_WARN_BOOL_CONVERSION = YES;
				CLANG_WARN_CONSTANT_CONVERSION = YES;
				CLANG_WARN_DIRECT_OBJC_ISA_USAGE = YES_ERROR;
				CLANG_WARN_EMPTY_BODY = YES;
				CLANG_WARN_ENUM_CONVERSION = YES;
				CLANG_WARN_INT_CONVERSION = YES;
				CLANG_WARN_OBJC_ROOT_CLASS = YES_ERROR;
				CLANG_WARN_UNREACHABLE_CODE = YES;
				CLANG_WARN__DUPLICATE_METHOD_MATCH = YES;
				"CODE_SIGN_IDENTITY[sdk=iphoneos*]" = "iPhone Developer";
				COPY_PHASE_STRIP = NO;
				DEBUG_INFORMATION_FORMAT = "dwarf-with-dsym";
				ENABLE_NS_ASSERTIONS = NO;
				ENABLE_STRICT_OBJC_MSGSEND = YES;
				GCC_C_LANGUAGE_STANDARD = gnu99;
				GCC_NO_COMMON_BLOCKS = YES;
				GCC_WARN_64_TO_32_BIT_CONVERSION = YES;
				GCC_WARN_ABOUT_RETURN_TYPE = YES_ERROR;
				GCC_WARN_UNDECLARED_SELECTOR = YES;
				GCC_WARN_UNINITIALIZED_AUTOS = YES_AGGRESSIVE;
				GCC_WARN_UNUSED_FUNCTION = YES;
				GCC_WARN_UNUSED_VARIABLE = YES;
				IPHONEOS_DEPLOYMENT_TARGET = 8.3;
				MTL_ENABLE_DEBUG_INFO = NO;
				SDKROOT = iphoneos;
				VALIDATE_PRODUCT = YES;
			};
			name = Release;
		};
		1CA967A71B05D338000659E0 /* Debug */ = {
			isa = XCBuildConfiguration;
			buildSettings = {
				ASSETCATALOG_COMPILER_APPICON_NAME = AppIcon;
				FRAMEWORK_SEARCH_PATHS = (
					"$(inherited)",
					"$(PROJECT_DIR)",
				);
				INFOPLIST_FILE = parse_playground/Info.plist;
				LD_RUNPATH_SEARCH_PATHS = "$(inherited) @executable_path/Frameworks";
				PRODUCT_NAME = "$(TARGET_NAME)";
			};
			name = Debug;
		};
		1CA967A81B05D338000659E0 /* Release */ = {
			isa = XCBuildConfiguration;
			buildSettings = {
				ASSETCATALOG_COMPILER_APPICON_NAME = AppIcon;
				FRAMEWORK_SEARCH_PATHS = (
					"$(inherited)",
					"$(PROJECT_DIR)",
				);
				INFOPLIST_FILE = parse_playground/Info.plist;
				LD_RUNPATH_SEARCH_PATHS = "$(inherited) @executable_path/Frameworks";
				PRODUCT_NAME = "$(TARGET_NAME)";
			};
			name = Release;
		};
		1CA967AA1B05D338000659E0 /* Debug */ = {
			isa = XCBuildConfiguration;
			buildSettings = {
				BUNDLE_LOADER = "$(TEST_HOST)";
				FRAMEWORK_SEARCH_PATHS = (
					"$(SDKROOT)/Developer/Library/Frameworks",
					"$(inherited)",
				);
				GCC_PREPROCESSOR_DEFINITIONS = (
					"DEBUG=1",
					"$(inherited)",
				);
				INFOPLIST_FILE = parse_playgroundTests/Info.plist;
				LD_RUNPATH_SEARCH_PATHS = "$(inherited) @executable_path/Frameworks @loader_path/Frameworks";
				PRODUCT_NAME = "$(TARGET_NAME)";
				TEST_HOST = "$(BUILT_PRODUCTS_DIR)/parse_playground.app/parse_playground";
			};
			name = Debug;
		};
		1CA967AB1B05D338000659E0 /* Release */ = {
			isa = XCBuildConfiguration;
			buildSettings = {
				BUNDLE_LOADER = "$(TEST_HOST)";
				FRAMEWORK_SEARCH_PATHS = (
					"$(SDKROOT)/Developer/Library/Frameworks",
					"$(inherited)",
				);
				INFOPLIST_FILE = parse_playgroundTests/Info.plist;
				LD_RUNPATH_SEARCH_PATHS = "$(inherited) @executable_path/Frameworks @loader_path/Frameworks";
				PRODUCT_NAME = "$(TARGET_NAME)";
				TEST_HOST = "$(BUILT_PRODUCTS_DIR)/parse_playground.app/parse_playground";
			};
			name = Release;
		};
/* End XCBuildConfiguration section */

/* Begin XCConfigurationList section */
		1CA967821B05D338000659E0 /* Build configuration list for PBXProject "parse_playground" */ = {
			isa = XCConfigurationList;
			buildConfigurations = (
				1CA967A41B05D338000659E0 /* Debug */,
				1CA967A51B05D338000659E0 /* Release */,
			);
			defaultConfigurationIsVisible = 0;
			defaultConfigurationName = Release;
		};
		1CA967A61B05D338000659E0 /* Build configuration list for PBXNativeTarget "parse_playground" */ = {
			isa = XCConfigurationList;
			buildConfigurations = (
				1CA967A71B05D338000659E0 /* Debug */,
				1CA967A81B05D338000659E0 /* Release */,
			);
			defaultConfigurationIsVisible = 0;
		};
		1CA967A91B05D338000659E0 /* Build configuration list for PBXNativeTarget "parse_playgroundTests" */ = {
			isa = XCConfigurationList;
			buildConfigurations = (
				1CA967AA1B05D338000659E0 /* Debug */,
				1CA967AB1B05D338000659E0 /* Release */,
			);
			defaultConfigurationIsVisible = 0;
		};
/* End XCConfigurationList section */
	};
	rootObject = 1CA9677F1B05D338000659E0 /* Project object */;
}
